
Microsoft Visual Studio Solution File, Format Version 12.00
# Visual Studio Version 17
VisualStudioVersion = 17.8.34511.84
MinimumVisualStudioVersion = 10.0.40219.1
Project("{FAE04EC0-301F-11D3-BF4B-00C04F79EFBC}") = "OnlineChat", "OnlineChat\OnlineChat.csproj", "{7A21B882-736B-4DB6-93CA-8D399B6AB170}"
EndProject
Global
	GlobalSection(SolutionConfigurationPlatforms) = preSolution
		Debug|Any CPU = Debug|Any CPU
		Release|Any CPU = Release|Any CPU
	EndGlobalSection
	GlobalSection(ProjectConfigurationPlatforms) = postSolution
		{7A21B882-736B-4DB6-93CA-8D399B6AB170}.Debug|Any CPU.ActiveCfg = Debug|Any CPU
		{7A21B882-736B-4DB6-93CA-8D399B6AB170}.Debug|Any CPU.Build.0 = Debug|Any CPU
		{7A21B882-736B-4DB6-93CA-8D399B6AB170}.Release|Any CPU.ActiveCfg = Release|Any CPU
		{7A21B882-736B-4DB6-93CA-8D399B6AB170}.Release|Any CPU.Build.0 = Release|Any CPU
	EndGlobalSection
	GlobalSection(SolutionProperties) = preSolution
		HideSolutionNode = FALSE
	EndGlobalSection
	GlobalSection(ExtensibilityGlobals) = postSolution
		SolutionGuid = {D2F49918-02ED-447B-99D9-71AF89A7A965}
	EndGlobalSection
EndGlobal
